{
  "name": "KendoUI-elia-primary-hellrot",
  "version": "1.0.0",
  "lockfileVersion": 2,
  "requires": true,
  "packages": {
    "": {
      "name": "KendoUI-elia-primary-hellrot",
      "version": "1.0.0",
      "dependencies": {
        "@progress/kendo-theme-bootstrap": "4.42.0"
      }
    },
    "node_modules/@popperjs/core": {
      "version": "2.11.0",
      "resolved": "https://registry.npmjs.org/@popperjs/core/-/core-2.11.0.tgz",
      "integrity": "sha512-zrsUxjLOKAzdewIDRWy9nsV1GQsKBCWaGwsZQlCgr6/q+vjyZhFgqedLfFBuI9anTPEUT4APq9Mu0SZBTzIcGQ==",
      "peer": true,
      "funding": {
        "type": "opencollective",
        "url": "https://opencollective.com/popperjs"
      }
    },
    "node_modules/@progress/kendo-theme-bootstrap": {
      "version": "4.42.0",
      "resolved": "https://registry.npmjs.org/@progress/kendo-theme-bootstrap/-/kendo-theme-bootstrap-4.42.0.tgz",
      "integrity": "sha512-o/rvHNtAdcPAHS4L1gbAiXxPKgK+RYPm4Ba/6rYX0Q239lQeKapIlWA9LA/FCN7bRJ84Y1jE6/zZ8y+FZgD3qg==",
      "dependencies": {
        "@progress/kendo-theme-default": "^4.42.0",
        "bootstrap": "^5.1.0"
      }
    },
    "node_modules/@progress/kendo-theme-default": {
      "version": "4.43.0",
      "resolved": "https://registry.npmjs.org/@progress/kendo-theme-default/-/kendo-theme-default-4.43.0.tgz",
      "integrity": "sha512-sGpSYppmOERG+/pt4QiKDs7pNwGtIT5DwQDNRpSLmpETjxsvzwdc6MQQnn/Vy3QCe0CrnJIoF3c087XbqXYj3A=="
    },
    "node_modules/bootstrap": {
      "version": "5.1.3",
      "resolved": "https://registry.npmjs.org/bootstrap/-/bootstrap-5.1.3.tgz",
      "integrity": "sha512-fcQztozJ8jToQWXxVuEyXWW+dSo8AiXWKwiSSrKWsRB/Qt+Ewwza+JWoLKiTuQLaEPhdNAJ7+Dosc9DOIqNy7Q==",
      "funding": {
        "type": "opencollective",
        "url": "https://opencollective.com/bootstrap"
      },
      "peerDependencies": {
        "@popperjs/core": "^2.10.2"
      }
    }
  },
  "dependencies": {
    "@popperjs/core": {
      "version": "2.11.0",
      "resolved": "https://registry.npmjs.org/@popperjs/core/-/core-2.11.0.tgz",
      "integrity": "sha512-zrsUxjLOKAzdewIDRWy9nsV1GQsKBCWaGwsZQlCgr6/q+vjyZhFgqedLfFBuI9anTPEUT4APq9Mu0SZBTzIcGQ==",
      "peer": true
    },
    "@progress/kendo-theme-bootstrap": {
      "version": "4.42.0",
      "resolved": "https://registry.npmjs.org/@progress/kendo-theme-bootstrap/-/kendo-theme-bootstrap-4.42.0.tgz",
      "integrity": "sha512-o/rvHNtAdcPAHS4L1gbAiXxPKgK+RYPm4Ba/6rYX0Q239lQeKapIlWA9LA/FCN7bRJ84Y1jE6/zZ8y+FZgD3qg==",
      "requires": {
        "@progress/kendo-theme-default": "^4.42.0",
        "bootstrap": "^5.1.0"
      }
    },
    "@progress/kendo-theme-default": {
      "version": "4.43.0",
      "resolved": "https://registry.npmjs.org/@progress/kendo-theme-default/-/kendo-theme-default-4.43.0.tgz",
      "integrity": "sha512-sGpSYppmOERG+/pt4QiKDs7pNwGtIT5DwQDNRpSLmpETjxsvzwdc6MQQnn/Vy3QCe0CrnJIoF3c087XbqXYj3A=="
    },
    "bootstrap": {
      "version": "5.1.3",
      "resolved": "https://registry.npmjs.org/bootstrap/-/bootstrap-5.1.3.tgz",
      "integrity": "sha512-fcQztozJ8jToQWXxVuEyXWW+dSo8AiXWKwiSSrKWsRB/Qt+Ewwza+JWoLKiTuQLaEPhdNAJ7+Dosc9DOIqNy7Q==",
      "requires": {}
    }
  }
}
